// !$*UTF8*$!
{
	archiveVersion = 1;
	classes = {
	};
	objectVersion = 46;
	objects = {

/* Begin PBXBuildFile section */
		5D3A3E891D18442000E24545 /* GZTagsTokenField.swift in Sources */ = {isa = PBXBuildFile; fileRef = 5D3A3E881D18442000E24545 /* GZTagsTokenField.swift */; };
		5D3A3E8B1D18520900E24545 /* GZTag.swift in Sources */ = {isa = PBXBuildFile; fileRef = 5D3A3E8A1D18520900E24545 /* GZTag.swift */; };
		5D3A3E8E1D18636200E24545 /* GZImageBrowserViewController.swift in Sources */ = {isa = PBXBuildFile; fileRef = 5D3A3E8D1D18636200E24545 /* GZImageBrowserViewController.swift */; };
		5D3A3E901D18656500E24545 /* GZImageBrowserCollectionViewItem.swift in Sources */ = {isa = PBXBuildFile; fileRef = 5D3A3E8F1D18656500E24545 /* GZImageBrowserCollectionViewItem.swift */; };
		5D3A3E931D1865D800E24545 /* GZImageBrowserCollectionViewObject.swift in Sources */ = {isa = PBXBuildFile; fileRef = 5D3A3E921D1865D800E24545 /* GZImageBrowserCollectionViewObject.swift */; };
		5D3A3E971D186ABC00E24545 /* GZGradientView.swift in Sources */ = {isa = PBXBuildFile; fileRef = 5D3A3E961D186ABC00E24545 /* GZGradientView.swift */; };
		5D3A3E991D186CB100E24545 /* GZImageBrowserSidebarViewController.swift in Sources */ = {isa = PBXBuildFile; fileRef = 5D3A3E981D186CB100E24545 /* GZImageBrowserSidebarViewController.swift */; };
		5D3A3E9B1D186D4B00E24545 /* GZImageBrowserImageGridViewController.swift in Sources */ = {isa = PBXBuildFile; fileRef = 5D3A3E9A1D186D4B00E24545 /* GZImageBrowserImageGridViewController.swift */; };
		5D3A3EAE1D18801900E24545 /* GZRasterizedImageView.swift in Sources */ = {isa = PBXBuildFile; fileRef = 5D3A3EAD1D18801900E24545 /* GZRasterizedImageView.swift */; };
		5D7A307A1D16E365004D775B /* AppDelegate.swift in Sources */ = {isa = PBXBuildFile; fileRef = 5D7A30791D16E365004D775B /* AppDelegate.swift */; };
		5D7A307E1D16E365004D775B /* Assets.xcassets in Resources */ = {isa = PBXBuildFile; fileRef = 5D7A307D1D16E365004D775B /* Assets.xcassets */; };
		5D7A30811D16E365004D775B /* Main.storyboard in Resources */ = {isa = PBXBuildFile; fileRef = 5D7A307F1D16E365004D775B /* Main.storyboard */; };
		5D7A308C1D16E365004D775B /* GazoTests.swift in Sources */ = {isa = PBXBuildFile; fileRef = 5D7A308B1D16E365004D775B /* GazoTests.swift */; };
		5D7A30971D16E365004D775B /* GazoUITests.swift in Sources */ = {isa = PBXBuildFile; fileRef = 5D7A30961D16E365004D775B /* GazoUITests.swift */; };
		5D7A30A71D16E446004D775B /* GZImageViewerViewController.swift in Sources */ = {isa = PBXBuildFile; fileRef = 5D7A30A61D16E446004D775B /* GZImageViewerViewController.swift */; };
		5D7A30AB1D16E7C1004D775B /* GZImageViewerSidebarViewController.swift in Sources */ = {isa = PBXBuildFile; fileRef = 5D7A30A91D16E7C1004D775B /* GZImageViewerSidebarViewController.swift */; };
		5D7A30AE1D16E7DF004D775B /* GZImageViewerImageViewController.swift in Sources */ = {isa = PBXBuildFile; fileRef = 5D7A30AD1D16E7DF004D775B /* GZImageViewerImageViewController.swift */; };
		5D7A30B11D16E9F7004D775B /* GZValues.swift in Sources */ = {isa = PBXBuildFile; fileRef = 5D7A30B01D16E9F7004D775B /* GZValues.swift */; };
		5D7A30B51D16EB31004D775B /* GZNoDividerSplitView.swift in Sources */ = {isa = PBXBuildFile; fileRef = 5D7A30B41D16EB31004D775B /* GZNoDividerSplitView.swift */; };
		5D99CE1E1D16EE2100092920 /* GZImageViewerSplitViewController.swift in Sources */ = {isa = PBXBuildFile; fileRef = 5D99CE1D1D16EE2100092920 /* GZImageViewerSplitViewController.swift */; };
		5DF055081D172DFC0094621E /* GZExtensions.swift in Sources */ = {isa = PBXBuildFile; fileRef = 5DF055071D172DFC0094621E /* GZExtensions.swift */; };
		5DF0550A1D17314C0094621E /* GZImage.swift in Sources */ = {isa = PBXBuildFile; fileRef = 5DF055091D17314C0094621E /* GZImage.swift */; };
		5DF055101D17348C0094621E /* GZFloatAtTopClipView.swift in Sources */ = {isa = PBXBuildFile; fileRef = 5DF0550F1D17348C0094621E /* GZFloatAtTopClipView.swift */; };
		5DF055121D173B380094621E /* GZScaleToFitContentTokenField.swift in Sources */ = {isa = PBXBuildFile; fileRef = 5DF055111D173B380094621E /* GZScaleToFitContentTokenField.swift */; };
/* End PBXBuildFile section */

/* Begin PBXContainerItemProxy section */
		5D7A30881D16E365004D775B /* PBXContainerItemProxy */ = {
			isa = PBXContainerItemProxy;
			containerPortal = 5D7A306E1D16E364004D775B /* Project object */;
			proxyType = 1;
			remoteGlobalIDString = 5D7A30751D16E365004D775B;
			remoteInfo = Gazo;
		};
		5D7A30931D16E365004D775B /* PBXContainerItemProxy */ = {
			isa = PBXContainerItemProxy;
			containerPortal = 5D7A306E1D16E364004D775B /* Project object */;
			proxyType = 1;
			remoteGlobalIDString = 5D7A30751D16E365004D775B;
			remoteInfo = Gazo;
		};
/* End PBXContainerItemProxy section */

/* Begin PBXFileReference section */
		5D3A3E881D18442000E24545 /* GZTagsTokenField.swift */ = {isa = PBXFileReference; fileEncoding = 4; lastKnownFileType = sourcecode.swift; path = GZTagsTokenField.swift; sourceTree = "<group>"; };
		5D3A3E8A1D18520900E24545 /* GZTag.swift */ = {isa = PBXFileReference; fileEncoding = 4; lastKnownFileType = sourcecode.swift; path = GZTag.swift; sourceTree = "<group>"; };
		5D3A3E8D1D18636200E24545 /* GZImageBrowserViewController.swift */ = {isa = PBXFileReference; fileEncoding = 4; lastKnownFileType = sourcecode.swift; path = GZImageBrowserViewController.swift; sourceTree = "<group>"; };
		5D3A3E8F1D18656500E24545 /* GZImageBrowserCollectionViewItem.swift */ = {isa = PBXFileReference; fileEncoding = 4; lastKnownFileType = sourcecode.swift; path = GZImageBrowserCollectionViewItem.swift; sourceTree = "<group>"; };
		5D3A3E921D1865D800E24545 /* GZImageBrowserCollectionViewObject.swift */ = {isa = PBXFileReference; fileEncoding = 4; lastKnownFileType = sourcecode.swift; path = GZImageBrowserCollectionViewObject.swift; sourceTree = "<group>"; };
		5D3A3E961D186ABC00E24545 /* GZGradientView.swift */ = {isa = PBXFileReference; fileEncoding = 4; lastKnownFileType = sourcecode.swift; path = GZGradientView.swift; sourceTree = "<group>"; };
		5D3A3E981D186CB100E24545 /* GZImageBrowserSidebarViewController.swift */ = {isa = PBXFileReference; fileEncoding = 4; lastKnownFileType = sourcecode.swift; path = GZImageBrowserSidebarViewController.swift; sourceTree = "<group>"; };
		5D3A3E9A1D186D4B00E24545 /* GZImageBrowserImageGridViewController.swift */ = {isa = PBXFileReference; fileEncoding = 4; lastKnownFileType = sourcecode.swift; path = GZImageBrowserImageGridViewController.swift; sourceTree = "<group>"; };
		5D3A3EAD1D18801900E24545 /* GZRasterizedImageView.swift */ = {isa = PBXFileReference; fileEncoding = 4; lastKnownFileType = sourcecode.swift; path = GZRasterizedImageView.swift; sourceTree = "<group>"; };
		5D7A30761D16E365004D775B /* Gazo.app */ = {isa = PBXFileReference; explicitFileType = wrapper.application; includeInIndex = 0; path = Gazo.app; sourceTree = BUILT_PRODUCTS_DIR; };
		5D7A30791D16E365004D775B /* AppDelegate.swift */ = {isa = PBXFileReference; lastKnownFileType = sourcecode.swift; path = AppDelegate.swift; sourceTree = "<group>"; };
		5D7A307D1D16E365004D775B /* Assets.xcassets */ = {isa = PBXFileReference; lastKnownFileType = folder.assetcatalog; path = Assets.xcassets; sourceTree = "<group>"; };
		5D7A30801D16E365004D775B /* Base */ = {isa = PBXFileReference; lastKnownFileType = file.storyboard; name = Base; path = Base.lproj/Main.storyboard; sourceTree = "<group>"; };
		5D7A30821D16E365004D775B /* Info.plist */ = {isa = PBXFileReference; lastKnownFileType = text.plist.xml; path = Info.plist; sourceTree = "<group>"; };
		5D7A30871D16E365004D775B /* GazoTests.xctest */ = {isa = PBXFileReference; explicitFileType = wrapper.cfbundle; includeInIndex = 0; path = GazoTests.xctest; sourceTree = BUILT_PRODUCTS_DIR; };
		5D7A308B1D16E365004D775B /* GazoTests.swift */ = {isa = PBXFileReference; lastKnownFileType = sourcecode.swift; path = GazoTests.swift; sourceTree = "<group>"; };
		5D7A308D1D16E365004D775B /* Info.plist */ = {isa = PBXFileReference; lastKnownFileType = text.plist.xml; path = Info.plist; sourceTree = "<group>"; };
		5D7A30921D16E365004D775B /* GazoUITests.xctest */ = {isa = PBXFileReference; explicitFileType = wrapper.cfbundle; includeInIndex = 0; path = GazoUITests.xctest; sourceTree = BUILT_PRODUCTS_DIR; };
		5D7A30961D16E365004D775B /* GazoUITests.swift */ = {isa = PBXFileReference; lastKnownFileType = sourcecode.swift; path = GazoUITests.swift; sourceTree = "<group>"; };
		5D7A30981D16E365004D775B /* Info.plist */ = {isa = PBXFileReference; lastKnownFileType = text.plist.xml; path = Info.plist; sourceTree = "<group>"; };
		5D7A30A61D16E446004D775B /* GZImageViewerViewController.swift */ = {isa = PBXFileReference; fileEncoding = 4; lastKnownFileType = sourcecode.swift; path = GZImageViewerViewController.swift; sourceTree = "<group>"; };
		5D7A30A91D16E7C1004D775B /* GZImageViewerSidebarViewController.swift */ = {isa = PBXFileReference; fileEncoding = 4; lastKnownFileType = sourcecode.swift; path = GZImageViewerSidebarViewController.swift; sourceTree = "<group>"; };
		5D7A30AD1D16E7DF004D775B /* GZImageViewerImageViewController.swift */ = {isa = PBXFileReference; fileEncoding = 4; lastKnownFileType = sourcecode.swift; path = GZImageViewerImageViewController.swift; sourceTree = "<group>"; };
		5D7A30B01D16E9F7004D775B /* GZValues.swift */ = {isa = PBXFileReference; fileEncoding = 4; lastKnownFileType = sourcecode.swift; path = GZValues.swift; sourceTree = "<group>"; };
		5D7A30B41D16EB31004D775B /* GZNoDividerSplitView.swift */ = {isa = PBXFileReference; fileEncoding = 4; lastKnownFileType = sourcecode.swift; path = GZNoDividerSplitView.swift; sourceTree = "<group>"; };
		5D99CE1D1D16EE2100092920 /* GZImageViewerSplitViewController.swift */ = {isa = PBXFileReference; fileEncoding = 4; lastKnownFileType = sourcecode.swift; path = GZImageViewerSplitViewController.swift; sourceTree = "<group>"; };
		5DF055071D172DFC0094621E /* GZExtensions.swift */ = {isa = PBXFileReference; fileEncoding = 4; lastKnownFileType = sourcecode.swift; path = GZExtensions.swift; sourceTree = "<group>"; };
		5DF055091D17314C0094621E /* GZImage.swift */ = {isa = PBXFileReference; fileEncoding = 4; lastKnownFileType = sourcecode.swift; path = GZImage.swift; sourceTree = "<group>"; };
		5DF0550F1D17348C0094621E /* GZFloatAtTopClipView.swift */ = {isa = PBXFileReference; fileEncoding = 4; lastKnownFileType = sourcecode.swift; path = GZFloatAtTopClipView.swift; sourceTree = "<group>"; };
		5DF055111D173B380094621E /* GZScaleToFitContentTokenField.swift */ = {isa = PBXFileReference; fileEncoding = 4; lastKnownFileType = sourcecode.swift; path = GZScaleToFitContentTokenField.swift; sourceTree = "<group>"; };
/* End PBXFileReference section */

/* Begin PBXFrameworksBuildPhase section */
		5D7A30731D16E365004D775B /* Frameworks */ = {
			isa = PBXFrameworksBuildPhase;
			buildActionMask = 2147483647;
			files = (
			);
			runOnlyForDeploymentPostprocessing = 0;
		};
		5D7A30841D16E365004D775B /* Frameworks */ = {
			isa = PBXFrameworksBuildPhase;
			buildActionMask = 2147483647;
			files = (
			);
			runOnlyForDeploymentPostprocessing = 0;
		};
		5D7A308F1D16E365004D775B /* Frameworks */ = {
			isa = PBXFrameworksBuildPhase;
			buildActionMask = 2147483647;
			files = (
			);
			runOnlyForDeploymentPostprocessing = 0;
		};
/* End PBXFrameworksBuildPhase section */

/* Begin PBXGroup section */
		5D3A3E871D18440D00E24545 /* Image Viewer */ = {
			isa = PBXGroup;
			children = (
				5D3A3E881D18442000E24545 /* GZTagsTokenField.swift */,
			);
			name = "Image Viewer";
			sourceTree = "<group>";
		};
		5D3A3E8C1D18634E00E24545 /* Image Browser */ = {
			isa = PBXGroup;
			children = (
				5D3A3E8D1D18636200E24545 /* GZImageBrowserViewController.swift */,
				5D3A3E981D186CB100E24545 /* GZImageBrowserSidebarViewController.swift */,
				5D3A3E9A1D186D4B00E24545 /* GZImageBrowserImageGridViewController.swift */,
				5D3A3E8F1D18656500E24545 /* GZImageBrowserCollectionViewItem.swift */,
			);
			name = "Image Browser";
			sourceTree = "<group>";
		};
		5D3A3E911D1865BF00E24545 /* Image Browser */ = {
			isa = PBXGroup;
			children = (
				5D3A3E921D1865D800E24545 /* GZImageBrowserCollectionViewObject.swift */,
			);
			name = "Image Browser";
			sourceTree = "<group>";
		};
		5D3A3E9C1D18739000E24545 /* Libraries */ = {
			isa = PBXGroup;
			children = (
			);
			name = Libraries;
			sourceTree = "<group>";
		};
		5D3A3EA31D18743600E24545 /* Objective C */ = {
			isa = PBXGroup;
			children = (
			);
			name = "Objective C";
			sourceTree = "<group>";
		};
		5D7A306D1D16E364004D775B = {
			isa = PBXGroup;
			children = (
				5D7A30781D16E365004D775B /* Gazo */,
				5D7A308A1D16E365004D775B /* GazoTests */,
				5D7A30951D16E365004D775B /* GazoUITests */,
				5D7A30771D16E365004D775B /* Products */,
			);
			sourceTree = "<group>";
		};
		5D7A30771D16E365004D775B /* Products */ = {
			isa = PBXGroup;
			children = (
				5D7A30761D16E365004D775B /* Gazo.app */,
				5D7A30871D16E365004D775B /* GazoTests.xctest */,
				5D7A30921D16E365004D775B /* GazoUITests.xctest */,
			);
			name = Products;
			sourceTree = "<group>";
		};
		5D7A30781D16E365004D775B /* Gazo */ = {
			isa = PBXGroup;
			children = (
				5D7A30791D16E365004D775B /* AppDelegate.swift */,
				5D7A30A41D16E3A0004D775B /* Storyboards */,
				5D7A30B21D16EB19004D775B /* Views */,
				5D7A30AF1D16E9DE004D775B /* Objects */,
				5DF055061D172DEC0094621E /* Utilities */,
				5D7A30A51D16E3E3004D775B /* View Controllers */,
				5D3A3EA31D18743600E24545 /* Objective C */,
				5D3A3E9C1D18739000E24545 /* Libraries */,
				5D7A307D1D16E365004D775B /* Assets.xcassets */,
				5D7A30821D16E365004D775B /* Info.plist */,
			);
			path = Gazo;
			sourceTree = "<group>";
		};
		5D7A308A1D16E365004D775B /* GazoTests */ = {
			isa = PBXGroup;
			children = (
				5D7A308B1D16E365004D775B /* GazoTests.swift */,
				5D7A308D1D16E365004D775B /* Info.plist */,
			);
			path = GazoTests;
			sourceTree = "<group>";
		};
		5D7A30951D16E365004D775B /* GazoUITests */ = {
			isa = PBXGroup;
			children = (
				5D7A30961D16E365004D775B /* GazoUITests.swift */,
				5D7A30981D16E365004D775B /* Info.plist */,
			);
			path = GazoUITests;
			sourceTree = "<group>";
		};
		5D7A30A41D16E3A0004D775B /* Storyboards */ = {
			isa = PBXGroup;
			children = (
				5D7A307F1D16E365004D775B /* Main.storyboard */,
			);
			name = Storyboards;
			sourceTree = "<group>";
		};
		5D7A30A51D16E3E3004D775B /* View Controllers */ = {
			isa = PBXGroup;
			children = (
				5D3A3E8C1D18634E00E24545 /* Image Browser */,
				5D7A30A81D16E44A004D775B /* Image Viewer */,
			);
			name = "View Controllers";
			sourceTree = "<group>";
		};
		5D7A30A81D16E44A004D775B /* Image Viewer */ = {
			isa = PBXGroup;
			children = (
				5D7A30A61D16E446004D775B /* GZImageViewerViewController.swift */,
				5D7A30A91D16E7C1004D775B /* GZImageViewerSidebarViewController.swift */,
				5D7A30AD1D16E7DF004D775B /* GZImageViewerImageViewController.swift */,
			);
			name = "Image Viewer";
			sourceTree = "<group>";
		};
		5D7A30AF1D16E9DE004D775B /* Objects */ = {
			isa = PBXGroup;
			children = (
				5D7A30B01D16E9F7004D775B /* GZValues.swift */,
				5DF055091D17314C0094621E /* GZImage.swift */,
				5D3A3E8A1D18520900E24545 /* GZTag.swift */,
				5D3A3E911D1865BF00E24545 /* Image Browser */,
			);
			name = Objects;
			sourceTree = "<group>";
		};
		5D7A30B21D16EB19004D775B /* Views */ = {
			isa = PBXGroup;
			children = (
				5D3A3E871D18440D00E24545 /* Image Viewer */,
				5D7A30B31D16EB22004D775B /* Subclasses */,
				5D3A3E961D186ABC00E24545 /* GZGradientView.swift */,
			);
			name = Views;
			sourceTree = "<group>";
		};
		5D7A30B31D16EB22004D775B /* Subclasses */ = {
			isa = PBXGroup;
			children = (
				5D7A30B41D16EB31004D775B /* GZNoDividerSplitView.swift */,
				5D99CE1D1D16EE2100092920 /* GZImageViewerSplitViewController.swift */,
				5DF0550F1D17348C0094621E /* GZFloatAtTopClipView.swift */,
				5DF055111D173B380094621E /* GZScaleToFitContentTokenField.swift */,
				5D3A3EAD1D18801900E24545 /* GZRasterizedImageView.swift */,
			);
			name = Subclasses;
			sourceTree = "<group>";
		};
		5DF055061D172DEC0094621E /* Utilities */ = {
			isa = PBXGroup;
			children = (
				5DF055071D172DFC0094621E /* GZExtensions.swift */,
			);
			name = Utilities;
			sourceTree = "<group>";
		};
/* End PBXGroup section */

/* Begin PBXNativeTarget section */
		5D7A30751D16E365004D775B /* Gazo */ = {
			isa = PBXNativeTarget;
			buildConfigurationList = 5D7A309B1D16E365004D775B /* Build configuration list for PBXNativeTarget "Gazo" */;
			buildPhases = (
				5D7A30721D16E365004D775B /* Sources */,
				5D7A30731D16E365004D775B /* Frameworks */,
				5D7A30741D16E365004D775B /* Resources */,
			);
			buildRules = (
			);
			dependencies = (
			);
			name = Gazo;
			productName = Gazo;
			productReference = 5D7A30761D16E365004D775B /* Gazo.app */;
			productType = "com.apple.product-type.application";
		};
		5D7A30861D16E365004D775B /* GazoTests */ = {
			isa = PBXNativeTarget;
			buildConfigurationList = 5D7A309E1D16E365004D775B /* Build configuration list for PBXNativeTarget "GazoTests" */;
			buildPhases = (
				5D7A30831D16E365004D775B /* Sources */,
				5D7A30841D16E365004D775B /* Frameworks */,
				5D7A30851D16E365004D775B /* Resources */,
			);
			buildRules = (
			);
			dependencies = (
				5D7A30891D16E365004D775B /* PBXTargetDependency */,
			);
			name = GazoTests;
			productName = GazoTests;
			productReference = 5D7A30871D16E365004D775B /* GazoTests.xctest */;
			productType = "com.apple.product-type.bundle.unit-test";
		};
		5D7A30911D16E365004D775B /* GazoUITests */ = {
			isa = PBXNativeTarget;
			buildConfigurationList = 5D7A30A11D16E365004D775B /* Build configuration list for PBXNativeTarget "GazoUITests" */;
			buildPhases = (
				5D7A308E1D16E365004D775B /* Sources */,
				5D7A308F1D16E365004D775B /* Frameworks */,
				5D7A30901D16E365004D775B /* Resources */,
			);
			buildRules = (
			);
			dependencies = (
				5D7A30941D16E365004D775B /* PBXTargetDependency */,
			);
			name = GazoUITests;
			productName = GazoUITests;
			productReference = 5D7A30921D16E365004D775B /* GazoUITests.xctest */;
			productType = "com.apple.product-type.bundle.ui-testing";
		};
/* End PBXNativeTarget section */

/* Begin PBXProject section */
		5D7A306E1D16E364004D775B /* Project object */ = {
			isa = PBXProject;
			attributes = {
				LastSwiftUpdateCheck = 0720;
				LastUpgradeCheck = 0720;
				ORGANIZATIONNAME = DrabWeb;
				TargetAttributes = {
					5D7A30751D16E365004D775B = {
						CreatedOnToolsVersion = 7.2;
					};
					5D7A30861D16E365004D775B = {
						CreatedOnToolsVersion = 7.2;
						TestTargetID = 5D7A30751D16E365004D775B;
					};
					5D7A30911D16E365004D775B = {
						CreatedOnToolsVersion = 7.2;
						TestTargetID = 5D7A30751D16E365004D775B;
					};
				};
			};
			buildConfigurationList = 5D7A30711D16E364004D775B /* Build configuration list for PBXProject "Gazo" */;
			compatibilityVersion = "Xcode 3.2";
			developmentRegion = English;
			hasScannedForEncodings = 0;
			knownRegions = (
				en,
				Base,
			);
			mainGroup = 5D7A306D1D16E364004D775B;
			productRefGroup = 5D7A30771D16E365004D775B /* Products */;
			projectDirPath = "";
			projectRoot = "";
			targets = (
				5D7A30751D16E365004D775B /* Gazo */,
				5D7A30861D16E365004D775B /* GazoTests */,
				5D7A30911D16E365004D775B /* GazoUITests */,
			);
		};
/* End PBXProject section */

/* Begin PBXResourcesBuildPhase section */
		5D7A30741D16E365004D775B /* Resources */ = {
			isa = PBXResourcesBuildPhase;
			buildActionMask = 2147483647;
			files = (
				5D7A307E1D16E365004D775B /* Assets.xcassets in Resources */,
				5D7A30811D16E365004D775B /* Main.storyboard in Resources */,
			);
			runOnlyForDeploymentPostprocessing = 0;
		};
		5D7A30851D16E365004D775B /* Resources */ = {
			isa = PBXResourcesBuildPhase;
			buildActionMask = 2147483647;
			files = (
			);
			runOnlyForDeploymentPostprocessing = 0;
		};
		5D7A30901D16E365004D775B /* Resources */ = {
			isa = PBXResourcesBuildPhase;
			buildActionMask = 2147483647;
			files = (
			);
			runOnlyForDeploymentPostprocessing = 0;
		};
/* End PBXResourcesBuildPhase section */

/* Begin PBXSourcesBuildPhase section */
		5D7A30721D16E365004D775B /* Sources */ = {
			isa = PBXSourcesBuildPhase;
			buildActionMask = 2147483647;
			files = (
				5DF0550A1D17314C0094621E /* GZImage.swift in Sources */,
				5DF055101D17348C0094621E /* GZFloatAtTopClipView.swift in Sources */,
				5D3A3E9B1D186D4B00E24545 /* GZImageBrowserImageGridViewController.swift in Sources */,
				5D99CE1E1D16EE2100092920 /* GZImageViewerSplitViewController.swift in Sources */,
				5D7A307A1D16E365004D775B /* AppDelegate.swift in Sources */,
				5D7A30AE1D16E7DF004D775B /* GZImageViewerImageViewController.swift in Sources */,
				5D3A3E901D18656500E24545 /* GZImageBrowserCollectionViewItem.swift in Sources */,
				5D7A30AB1D16E7C1004D775B /* GZImageViewerSidebarViewController.swift in Sources */,
				5D3A3E971D186ABC00E24545 /* GZGradientView.swift in Sources */,
				5D3A3E891D18442000E24545 /* GZTagsTokenField.swift in Sources */,
				5D3A3EAE1D18801900E24545 /* GZRasterizedImageView.swift in Sources */,
				5D7A30A71D16E446004D775B /* GZImageViewerViewController.swift in Sources */,
				5D3A3E931D1865D800E24545 /* GZImageBrowserCollectionViewObject.swift in Sources */,
				5D7A30B11D16E9F7004D775B /* GZValues.swift in Sources */,
				5DF055081D172DFC0094621E /* GZExtensions.swift in Sources */,
				5D3A3E991D186CB100E24545 /* GZImageBrowserSidebarViewController.swift in Sources */,
				5D3A3E8E1D18636200E24545 /* GZImageBrowserViewController.swift in Sources */,
				5D7A30B51D16EB31004D775B /* GZNoDividerSplitView.swift in Sources */,
				5DF055121D173B380094621E /* GZScaleToFitContentTokenField.swift in Sources */,
				5D3A3E8B1D18520900E24545 /* GZTag.swift in Sources */,
			);
			runOnlyForDeploymentPostprocessing = 0;
		};
		5D7A30831D16E365004D775B /* Sources */ = {
			isa = PBXSourcesBuildPhase;
			buildActionMask = 2147483647;
			files = (
				5D7A308C1D16E365004D775B /* GazoTests.swift in Sources */,
			);
			runOnlyForDeploymentPostprocessing = 0;
		};
		5D7A308E1D16E365004D775B /* Sources */ = {
			isa = PBXSourcesBuildPhase;
			buildActionMask = 2147483647;
			files = (
				5D7A30971D16E365004D775B /* GazoUITests.swift in Sources */,
			);
			runOnlyForDeploymentPostprocessing = 0;
		};
/* End PBXSourcesBuildPhase section */

/* Begin PBXTargetDependency section */
		5D7A30891D16E365004D775B /* PBXTargetDependency */ = {
			isa = PBXTargetDependency;
			target = 5D7A30751D16E365004D775B /* Gazo */;
			targetProxy = 5D7A30881D16E365004D775B /* PBXContainerItemProxy */;
		};
		5D7A30941D16E365004D775B /* PBXTargetDependency */ = {
			isa = PBXTargetDependency;
			target = 5D7A30751D16E365004D775B /* Gazo */;
			targetProxy = 5D7A30931D16E365004D775B /* PBXContainerItemProxy */;
		};
/* End PBXTargetDependency section */

/* Begin PBXVariantGroup section */
		5D7A307F1D16E365004D775B /* Main.storyboard */ = {
			isa = PBXVariantGroup;
			children = (
				5D7A30801D16E365004D775B /* Base */,
			);
			name = Main.storyboard;
			sourceTree = "<group>";
		};
/* End PBXVariantGroup section */

/* Begin XCBuildConfiguration section */
		5D7A30991D16E365004D775B /* Debug */ = {
			isa = XCBuildConfiguration;
			buildSettings = {
				ALWAYS_SEARCH_USER_PATHS = NO;
				CLANG_CXX_LANGUAGE_STANDARD = "gnu++0x";
				CLANG_CXX_LIBRARY = "libc++";
				CLANG_ENABLE_MODULES = YES;
				CLANG_ENABLE_OBJC_ARC = YES;
				CLANG_WARN_BOOL_CONVERSION = YES;
				CLANG_WARN_CONSTANT_CONVERSION = YES;
				CLANG_WARN_DIRECT_OBJC_ISA_USAGE = YES_ERROR;
				CLANG_WARN_EMPTY_BODY = YES;
				CLANG_WARN_ENUM_CONVERSION = YES;
				CLANG_WARN_INT_CONVERSION = YES;
				CLANG_WARN_OBJC_ROOT_CLASS = YES_ERROR;
				CLANG_WARN_UNREACHABLE_CODE = YES;
				CLANG_WARN__DUPLICATE_METHOD_MATCH = YES;
				CODE_SIGN_IDENTITY = "-";
				COPY_PHASE_STRIP = NO;
				DEBUG_INFORMATION_FORMAT = dwarf;
				ENABLE_STRICT_OBJC_MSGSEND = YES;
				ENABLE_TESTABILITY = YES;
				GCC_C_LANGUAGE_STANDARD = gnu99;
				GCC_DYNAMIC_NO_PIC = NO;
				GCC_NO_COMMON_BLOCKS = YES;
				GCC_OPTIMIZATION_LEVEL = 0;
				GCC_PREPROCESSOR_DEFINITIONS = (
					"DEBUG=1",
					"$(inherited)",
				);
				GCC_WARN_64_TO_32_BIT_CONVERSION = YES;
				GCC_WARN_ABOUT_RETURN_TYPE = YES_ERROR;
				GCC_WARN_UNDECLARED_SELECTOR = YES;
				GCC_WARN_UNINITIALIZED_AUTOS = YES_AGGRESSIVE;
				GCC_WARN_UNUSED_FUNCTION = YES;
				GCC_WARN_UNUSED_VARIABLE = YES;
				MACOSX_DEPLOYMENT_TARGET = 10.10;
				MTL_ENABLE_DEBUG_INFO = YES;
				ONLY_ACTIVE_ARCH = YES;
				SDKROOT = macosx;
				SWIFT_OPTIMIZATION_LEVEL = "-Onone";
			};
			name = Debug;
		};
		5D7A309A1D16E365004D775B /* Release */ = {
			isa = XCBuildConfiguration;
			buildSettings = {
				ALWAYS_SEARCH_USER_PATHS = NO;
				CLANG_CXX_LANGUAGE_STANDARD = "gnu++0x";
				CLANG_CXX_LIBRARY = "libc++";
				CLANG_ENABLE_MODULES = YES;
				CLANG_ENABLE_OBJC_ARC = YES;
				CLANG_WARN_BOOL_CONVERSION = YES;
				CLANG_WARN_CONSTANT_CONVERSION = YES;
				CLANG_WARN_DIRECT_OBJC_ISA_USAGE = YES_ERROR;
				CLANG_WARN_EMPTY_BODY = YES;
				CLANG_WARN_ENUM_CONVERSION = YES;
				CLANG_WARN_INT_CONVERSION = YES;
				CLANG_WARN_OBJC_ROOT_CLASS = YES_ERROR;
				CLANG_WARN_UNREACHABLE_CODE = YES;
				CLANG_WARN__DUPLICATE_METHOD_MATCH = YES;
				CODE_SIGN_IDENTITY = "-";
				COPY_PHASE_STRIP = NO;
				DEBUG_INFORMATION_FORMAT = "dwarf-with-dsym";
				ENABLE_NS_ASSERTIONS = NO;
				ENABLE_STRICT_OBJC_MSGSEND = YES;
				GCC_C_LANGUAGE_STANDARD = gnu99;
				GCC_NO_COMMON_BLOCKS = YES;
				GCC_WARN_64_TO_32_BIT_CONVERSION = YES;
				GCC_WARN_ABOUT_RETURN_TYPE = YES_ERROR;
				GCC_WARN_UNDECLARED_SELECTOR = YES;
				GCC_WARN_UNINITIALIZED_AUTOS = YES_AGGRESSIVE;
				GCC_WARN_UNUSED_FUNCTION = YES;
				GCC_WARN_UNUSED_VARIABLE = YES;
				MACOSX_DEPLOYMENT_TARGET = 10.10;
				MTL_ENABLE_DEBUG_INFO = NO;
				SDKROOT = macosx;
			};
			name = Release;
		};
		5D7A309C1D16E365004D775B /* Debug */ = {
			isa = XCBuildConfiguration;
			buildSettings = {
				ASSETCATALOG_COMPILER_APPICON_NAME = AppIcon;
				COMBINE_HIDPI_IMAGES = YES;
				INFOPLIST_FILE = Gazo/Info.plist;
				LD_RUNPATH_SEARCH_PATHS = "$(inherited) @executable_path/../Frameworks";
				PRODUCT_BUNDLE_IDENTIFIER = drabweb.Gazo;
				PRODUCT_NAME = "$(TARGET_NAME)";
			};
			name = Debug;
		};
		5D7A309D1D16E365004D775B /* Release */ = {
			isa = XCBuildConfiguration;
			buildSettings = {
				ASSETCATALOG_COMPILER_APPICON_NAME = AppIcon;
				COMBINE_HIDPI_IMAGES = YES;
				INFOPLIST_FILE = Gazo/Info.plist;
				LD_RUNPATH_SEARCH_PATHS = "$(inherited) @executable_path/../Frameworks";
				PRODUCT_BUNDLE_IDENTIFIER = drabweb.Gazo;
				PRODUCT_NAME = "$(TARGET_NAME)";
			};
			name = Release;
		};
		5D7A309F1D16E365004D775B /* Debug */ = {
			isa = XCBuildConfiguration;
			buildSettings = {
				BUNDLE_LOADER = "$(TEST_HOST)";
				COMBINE_HIDPI_IMAGES = YES;
				INFOPLIST_FILE = GazoTests/Info.plist;
				LD_RUNPATH_SEARCH_PATHS = "$(inherited) @executable_path/../Frameworks @loader_path/../Frameworks";
				PRODUCT_BUNDLE_IDENTIFIER = drabweb.GazoTests;
				PRODUCT_NAME = "$(TARGET_NAME)";
				TEST_HOST = "$(BUILT_PRODUCTS_DIR)/Gazo.app/Contents/MacOS/Gazo";
			};
			name = Debug;
		};
		5D7A30A01D16E365004D775B /* Release */ = {
			isa = XCBuildConfiguration;
			buildSettings = {
				BUNDLE_LOADER = "$(TEST_HOST)";
				COMBINE_HIDPI_IMAGES = YES;
				INFOPLIST_FILE = GazoTests/Info.plist;
				LD_RUNPATH_SEARCH_PATHS = "$(inherited) @executable_path/../Frameworks @loader_path/../Frameworks";
				PRODUCT_BUNDLE_IDENTIFIER = drabweb.GazoTests;
				PRODUCT_NAME = "$(TARGET_NAME)";
				TEST_HOST = "$(BUILT_PRODUCTS_DIR)/Gazo.app/Contents/MacOS/Gazo";
			};
			name = Release;
		};
		5D7A30A21D16E365004D775B /* Debug */ = {
			isa = XCBuildConfiguration;
			buildSettings = {
				COMBINE_HIDPI_IMAGES = YES;
				INFOPLIST_FILE = GazoUITests/Info.plist;
				LD_RUNPATH_SEARCH_PATHS = "$(inherited) @executable_path/../Frameworks @loader_path/../Frameworks";
				PRODUCT_BUNDLE_IDENTIFIER = drabweb.GazoUITests;
				PRODUCT_NAME = "$(TARGET_NAME)";
				TEST_TARGET_NAME = Gazo;
				USES_XCTRUNNER = YES;
			};
			name = Debug;
		};
		5D7A30A31D16E365004D775B /* Release */ = {
			isa = XCBuildConfiguration;
			buildSettings = {
				COMBINE_HIDPI_IMAGES = YES;
				INFOPLIST_FILE = GazoUITests/Info.plist;
				LD_RUNPATH_SEARCH_PATHS = "$(inherited) @executable_path/../Frameworks @loader_path/../Frameworks";
				PRODUCT_BUNDLE_IDENTIFIER = drabweb.GazoUITests;
				PRODUCT_NAME = "$(TARGET_NAME)";
				TEST_TARGET_NAME = Gazo;
				USES_XCTRUNNER = YES;
			};
			name = Release;
		};
/* End XCBuildConfiguration section */

/* Begin XCConfigurationList section */
		5D7A30711D16E364004D775B /* Build configuration list for PBXProject "Gazo" */ = {
			isa = XCConfigurationList;
			buildConfigurations = (
				5D7A30991D16E365004D775B /* Debug */,
				5D7A309A1D16E365004D775B /* Release */,
			);
			defaultConfigurationIsVisible = 0;
			defaultConfigurationName = Release;
		};
		5D7A309B1D16E365004D775B /* Build configuration list for PBXNativeTarget "Gazo" */ = {
			isa = XCConfigurationList;
			buildConfigurations = (
				5D7A309C1D16E365004D775B /* Debug */,
				5D7A309D1D16E365004D775B /* Release */,
			);
			defaultConfigurationIsVisible = 0;
			defaultConfigurationName = Release;
		};
		5D7A309E1D16E365004D775B /* Build configuration list for PBXNativeTarget "GazoTests" */ = {
			isa = XCConfigurationList;
			buildConfigurations = (
				5D7A309F1D16E365004D775B /* Debug */,
				5D7A30A01D16E365004D775B /* Release */,
			);
			defaultConfigurationIsVisible = 0;
			defaultConfigurationName = Release;
		};
		5D7A30A11D16E365004D775B /* Build configuration list for PBXNativeTarget "GazoUITests" */ = {
			isa = XCConfigurationList;
			buildConfigurations = (
				5D7A30A21D16E365004D775B /* Debug */,
				5D7A30A31D16E365004D775B /* Release */,
			);
			defaultConfigurationIsVisible = 0;
			defaultConfigurationName = Release;
		};
/* End XCConfigurationList section */
	};
	rootObject = 5D7A306E1D16E364004D775B /* Project object */;
}
